// !$*UTF8*$!
{
	archiveVersion = 1;
	classes = {
	};
	objectVersion = 55;
	objects = {

/* Begin PBXBuildFile section */
		1D3946CA288CC9130018FE0F /* CoordinatorSample.swift in Sources */ = {isa = PBXBuildFile; fileRef = 1D3946C9288CC9130018FE0F /* CoordinatorSample.swift */; };
		1D53F8662885AD3700B5F7AF /* AppDelegate.swift in Sources */ = {isa = PBXBuildFile; fileRef = 1D53F8652885AD3700B5F7AF /* AppDelegate.swift */; };
		1D53F8682885AD3700B5F7AF /* SceneDelegate.swift in Sources */ = {isa = PBXBuildFile; fileRef = 1D53F8672885AD3700B5F7AF /* SceneDelegate.swift */; };
		1D53F86A2885AD3700B5F7AF /* ViewController.swift in Sources */ = {isa = PBXBuildFile; fileRef = 1D53F8692885AD3700B5F7AF /* ViewController.swift */; };
		1D53F86F2885AD3800B5F7AF /* Assets.xcassets in Resources */ = {isa = PBXBuildFile; fileRef = 1D53F86E2885AD3800B5F7AF /* Assets.xcassets */; };
		1D53F8722885AD3800B5F7AF /* LaunchScreen.storyboard in Resources */ = {isa = PBXBuildFile; fileRef = 1D53F8702885AD3800B5F7AF /* LaunchScreen.storyboard */; };
		1D53F87A2885AE5000B5F7AF /* CoordinatorUIKit.swift in Sources */ = {isa = PBXBuildFile; fileRef = 1D53F8792885AE5000B5F7AF /* CoordinatorUIKit.swift */; };
		1D53F87C2885AF2900B5F7AF /* Presentable.swift in Sources */ = {isa = PBXBuildFile; fileRef = 1D53F87B2885AF2900B5F7AF /* Presentable.swift */; };
		1D53F87E2885AF4600B5F7AF /* Router.swift in Sources */ = {isa = PBXBuildFile; fileRef = 1D53F87D2885AF4600B5F7AF /* Router.swift */; };
		1D53F8802885AF7C00B5F7AF /* NavigationRouter.swift in Sources */ = {isa = PBXBuildFile; fileRef = 1D53F87F2885AF7C00B5F7AF /* NavigationRouter.swift */; };
		1D53F8822885B37A00B5F7AF /* Makers.swift in Sources */ = {isa = PBXBuildFile; fileRef = 1D53F8812885B37A00B5F7AF /* Makers.swift */; };
		1D53F8852885B8B900B5F7AF /* HelloView.swift in Sources */ = {isa = PBXBuildFile; fileRef = 1D53F8842885B8B900B5F7AF /* HelloView.swift */; };
		1D53F8872885B8D600B5F7AF /* CoordinatorSwiftUI.swift in Sources */ = {isa = PBXBuildFile; fileRef = 1D53F8862885B8D600B5F7AF /* CoordinatorSwiftUI.swift */; };
		1D53F88D2885BE8D00B5F7AF /* ListCoordinatorView.swift in Sources */ = {isa = PBXBuildFile; fileRef = 1D53F88C2885BE8D00B5F7AF /* ListCoordinatorView.swift */; };
		1D53F88F2885C1FA00B5F7AF /* View+Navigation.swift in Sources */ = {isa = PBXBuildFile; fileRef = 1D53F88E2885C1FA00B5F7AF /* View+Navigation.swift */; };
		1D53F8922885D3FB00B5F7AF /* DetailCoordinatorView.swift in Sources */ = {isa = PBXBuildFile; fileRef = 1D53F8912885D3FB00B5F7AF /* DetailCoordinatorView.swift */; };
/* End PBXBuildFile section */

/* Begin PBXFileReference section */
		1D3946C9288CC9130018FE0F /* CoordinatorSample.swift */ = {isa = PBXFileReference; lastKnownFileType = sourcecode.swift; path = CoordinatorSample.swift; sourceTree = "<group>"; };
		1D53F8622885AD3600B5F7AF /* Code-Cocoaheads.app */ = {isa = PBXFileReference; explicitFileType = wrapper.application; includeInIndex = 0; path = "Code-Cocoaheads.app"; sourceTree = BUILT_PRODUCTS_DIR; };
		1D53F8652885AD3700B5F7AF /* AppDelegate.swift */ = {isa = PBXFileReference; lastKnownFileType = sourcecode.swift; path = AppDelegate.swift; sourceTree = "<group>"; };
		1D53F8672885AD3700B5F7AF /* SceneDelegate.swift */ = {isa = PBXFileReference; lastKnownFileType = sourcecode.swift; path = SceneDelegate.swift; sourceTree = "<group>"; };
		1D53F8692885AD3700B5F7AF /* ViewController.swift */ = {isa = PBXFileReference; lastKnownFileType = sourcecode.swift; path = ViewController.swift; sourceTree = "<group>"; };
		1D53F86E2885AD3800B5F7AF /* Assets.xcassets */ = {isa = PBXFileReference; lastKnownFileType = folder.assetcatalog; path = Assets.xcassets; sourceTree = "<group>"; };
		1D53F8712885AD3800B5F7AF /* Base */ = {isa = PBXFileReference; lastKnownFileType = file.storyboard; name = Base; path = Base.lproj/LaunchScreen.storyboard; sourceTree = "<group>"; };
		1D53F8732885AD3800B5F7AF /* Info.plist */ = {isa = PBXFileReference; lastKnownFileType = text.plist.xml; path = Info.plist; sourceTree = "<group>"; };
		1D53F8792885AE5000B5F7AF /* CoordinatorUIKit.swift */ = {isa = PBXFileReference; lastKnownFileType = sourcecode.swift; path = CoordinatorUIKit.swift; sourceTree = "<group>"; };
		1D53F87B2885AF2900B5F7AF /* Presentable.swift */ = {isa = PBXFileReference; lastKnownFileType = sourcecode.swift; path = Presentable.swift; sourceTree = "<group>"; };
		1D53F87D2885AF4600B5F7AF /* Router.swift */ = {isa = PBXFileReference; lastKnownFileType = sourcecode.swift; path = Router.swift; sourceTree = "<group>"; };
		1D53F87F2885AF7C00B5F7AF /* NavigationRouter.swift */ = {isa = PBXFileReference; lastKnownFileType = sourcecode.swift; path = NavigationRouter.swift; sourceTree = "<group>"; };
		1D53F8812885B37A00B5F7AF /* Makers.swift */ = {isa = PBXFileReference; lastKnownFileType = sourcecode.swift; path = Makers.swift; sourceTree = "<group>"; };
		1D53F8842885B8B900B5F7AF /* HelloView.swift */ = {isa = PBXFileReference; lastKnownFileType = sourcecode.swift; path = HelloView.swift; sourceTree = "<group>"; };
		1D53F8862885B8D600B5F7AF /* CoordinatorSwiftUI.swift */ = {isa = PBXFileReference; lastKnownFileType = sourcecode.swift; path = CoordinatorSwiftUI.swift; sourceTree = "<group>"; };
		1D53F88C2885BE8D00B5F7AF /* ListCoordinatorView.swift */ = {isa = PBXFileReference; lastKnownFileType = sourcecode.swift; path = ListCoordinatorView.swift; sourceTree = "<group>"; };
		1D53F88E2885C1FA00B5F7AF /* View+Navigation.swift */ = {isa = PBXFileReference; lastKnownFileType = sourcecode.swift; path = "View+Navigation.swift"; sourceTree = "<group>"; };
		1D53F8912885D3FB00B5F7AF /* DetailCoordinatorView.swift */ = {isa = PBXFileReference; lastKnownFileType = sourcecode.swift; path = DetailCoordinatorView.swift; sourceTree = "<group>"; };
/* End PBXFileReference section */

/* Begin PBXFrameworksBuildPhase section */
		1D53F85F2885AD3600B5F7AF /* Frameworks */ = {
			isa = PBXFrameworksBuildPhase;
			buildActionMask = 2147483647;
			files = (
			);
			runOnlyForDeploymentPostprocessing = 0;
		};
/* End PBXFrameworksBuildPhase section */

/* Begin PBXGroup section */
		1D3946C8288CC9080018FE0F /* Anothers */ = {
			isa = PBXGroup;
			children = (
				1D3946C9288CC9130018FE0F /* CoordinatorSample.swift */,
			);
			path = Anothers;
			sourceTree = "<group>";
		};
		1D53F8592885AD3600B5F7AF = {
			isa = PBXGroup;
			children = (
				1D53F8642885AD3700B5F7AF /* Code-Cocoaheads */,
				1D53F8632885AD3600B5F7AF /* Products */,
			);
			sourceTree = "<group>";
		};
		1D53F8632885AD3600B5F7AF /* Products */ = {
			isa = PBXGroup;
			children = (
				1D53F8622885AD3600B5F7AF /* Code-Cocoaheads.app */,
			);
			name = Products;
			sourceTree = "<group>";
		};
		1D53F8642885AD3700B5F7AF /* Code-Cocoaheads */ = {
			isa = PBXGroup;
			children = (
				1D53F88A2885BD9A00B5F7AF /* Sources */,
				1D53F8892885BD9200B5F7AF /* Resources */,
			);
			path = "Code-Cocoaheads";
			sourceTree = "<group>";
		};
		1D53F8832885B38800B5F7AF /* CoordinatorUIKit */ = {
			isa = PBXGroup;
			children = (
				1D53F8692885AD3700B5F7AF /* ViewController.swift */,
				1D53F8792885AE5000B5F7AF /* CoordinatorUIKit.swift */,
				1D53F87B2885AF2900B5F7AF /* Presentable.swift */,
				1D53F87D2885AF4600B5F7AF /* Router.swift */,
				1D53F87F2885AF7C00B5F7AF /* NavigationRouter.swift */,
			);
			path = CoordinatorUIKit;
			sourceTree = "<group>";
		};
		1D53F8882885BD8600B5F7AF /* Start */ = {
			isa = PBXGroup;
			children = (
				1D53F8652885AD3700B5F7AF /* AppDelegate.swift */,
				1D53F8672885AD3700B5F7AF /* SceneDelegate.swift */,
			);
			path = Start;
			sourceTree = "<group>";
		};
		1D53F8892885BD9200B5F7AF /* Resources */ = {
			isa = PBXGroup;
			children = (
				1D53F86E2885AD3800B5F7AF /* Assets.xcassets */,
				1D53F8702885AD3800B5F7AF /* LaunchScreen.storyboard */,
				1D53F8732885AD3800B5F7AF /* Info.plist */,
			);
			path = Resources;
			sourceTree = "<group>";
		};
		1D53F88A2885BD9A00B5F7AF /* Sources */ = {
			isa = PBXGroup;
			children = (
				1D3946C8288CC9080018FE0F /* Anothers */,
				1D53F8812885B37A00B5F7AF /* Makers.swift */,
				1D53F8882885BD8600B5F7AF /* Start */,
				1D53F8832885B38800B5F7AF /* CoordinatorUIKit */,
				1D53F88B2885BDAE00B5F7AF /* CoordinatorSwiftUI */,
				1D53F8902885D0D700B5F7AF /* CoordinatorFullUI */,
			);
			path = Sources;
			sourceTree = "<group>";
		};
		1D53F88B2885BDAE00B5F7AF /* CoordinatorSwiftUI */ = {
			isa = PBXGroup;
			children = (
				1D53F8842885B8B900B5F7AF /* HelloView.swift */,
				1D53F8862885B8D600B5F7AF /* CoordinatorSwiftUI.swift */,
			);
			path = CoordinatorSwiftUI;
			sourceTree = "<group>";
		};
		1D53F8902885D0D700B5F7AF /* CoordinatorFullUI */ = {
			isa = PBXGroup;
			children = (
				1D53F88C2885BE8D00B5F7AF /* ListCoordinatorView.swift */,
				1D53F88E2885C1FA00B5F7AF /* View+Navigation.swift */,
				1D53F8912885D3FB00B5F7AF /* DetailCoordinatorView.swift */,
			);
			path = CoordinatorFullUI;
			sourceTree = "<group>";
		};
/* End PBXGroup section */

/* Begin PBXNativeTarget section */
		1D53F8612885AD3600B5F7AF /* Code-Cocoaheads */ = {
			isa = PBXNativeTarget;
			buildConfigurationList = 1D53F8762885AD3800B5F7AF /* Build configuration list for PBXNativeTarget "Code-Cocoaheads" */;
			buildPhases = (
				1D53F85E2885AD3600B5F7AF /* Sources */,
				1D53F85F2885AD3600B5F7AF /* Frameworks */,
				1D53F8602885AD3600B5F7AF /* Resources */,
			);
			buildRules = (
			);
			dependencies = (
			);
			name = "Code-Cocoaheads";
			productName = "Code-Cocoaheads";
			productReference = 1D53F8622885AD3600B5F7AF /* Code-Cocoaheads.app */;
			productType = "com.apple.product-type.application";
		};
/* End PBXNativeTarget section */

/* Begin PBXProject section */
		1D53F85A2885AD3600B5F7AF /* Project object */ = {
			isa = PBXProject;
			attributes = {
				BuildIndependentTargetsInParallel = 1;
				LastSwiftUpdateCheck = 1340;
				LastUpgradeCheck = 1340;
				TargetAttributes = {
					1D53F8612885AD3600B5F7AF = {
						CreatedOnToolsVersion = 13.4.1;
					};
				};
			};
			buildConfigurationList = 1D53F85D2885AD3600B5F7AF /* Build configuration list for PBXProject "Code-Cocoaheads" */;
			compatibilityVersion = "Xcode 13.0";
			developmentRegion = en;
			hasScannedForEncodings = 0;
			knownRegions = (
				en,
				Base,
			);
			mainGroup = 1D53F8592885AD3600B5F7AF;
			productRefGroup = 1D53F8632885AD3600B5F7AF /* Products */;
			projectDirPath = "";
			projectRoot = "";
			targets = (
				1D53F8612885AD3600B5F7AF /* Code-Cocoaheads */,
			);
		};
/* End PBXProject section */

/* Begin PBXResourcesBuildPhase section */
		1D53F8602885AD3600B5F7AF /* Resources */ = {
			isa = PBXResourcesBuildPhase;
			buildActionMask = 2147483647;
			files = (
				1D53F8722885AD3800B5F7AF /* LaunchScreen.storyboard in Resources */,
				1D53F86F2885AD3800B5F7AF /* Assets.xcassets in Resources */,
			);
			runOnlyForDeploymentPostprocessing = 0;
		};
/* End PBXResourcesBuildPhase section */

/* Begin PBXSourcesBuildPhase section */
		1D53F85E2885AD3600B5F7AF /* Sources */ = {
			isa = PBXSourcesBuildPhase;
			buildActionMask = 2147483647;
			files = (
				1D53F8852885B8B900B5F7AF /* HelloView.swift in Sources */,
				1D53F86A2885AD3700B5F7AF /* ViewController.swift in Sources */,
				1D53F88F2885C1FA00B5F7AF /* View+Navigation.swift in Sources */,
				1D53F8802885AF7C00B5F7AF /* NavigationRouter.swift in Sources */,
				1D53F8822885B37A00B5F7AF /* Makers.swift in Sources */,
				1D53F8922885D3FB00B5F7AF /* DetailCoordinatorView.swift in Sources */,
				1D53F8662885AD3700B5F7AF /* AppDelegate.swift in Sources */,
				1D53F8682885AD3700B5F7AF /* SceneDelegate.swift in Sources */,
				1D53F87C2885AF2900B5F7AF /* Presentable.swift in Sources */,
				1D53F87E2885AF4600B5F7AF /* Router.swift in Sources */,
				1D53F8872885B8D600B5F7AF /* CoordinatorSwiftUI.swift in Sources */,
				1D53F87A2885AE5000B5F7AF /* CoordinatorUIKit.swift in Sources */,
				1D3946CA288CC9130018FE0F /* CoordinatorSample.swift in Sources */,
				1D53F88D2885BE8D00B5F7AF /* ListCoordinatorView.swift in Sources */,
			);
			runOnlyForDeploymentPostprocessing = 0;
		};
/* End PBXSourcesBuildPhase section */

/* Begin PBXVariantGroup section */
		1D53F8702885AD3800B5F7AF /* LaunchScreen.storyboard */ = {
			isa = PBXVariantGroup;
			children = (
				1D53F8712885AD3800B5F7AF /* Base */,
			);
			name = LaunchScreen.storyboard;
			sourceTree = "<group>";
		};
/* End PBXVariantGroup section */

/* Begin XCBuildConfiguration section */
		1D53F8742885AD3800B5F7AF /* Debug */ = {
			isa = XCBuildConfiguration;
			buildSettings = {
				ALWAYS_SEARCH_USER_PATHS = NO;
				CLANG_ANALYZER_NONNULL = YES;
				CLANG_ANALYZER_NUMBER_OBJECT_CONVERSION = YES_AGGRESSIVE;
				CLANG_CXX_LANGUAGE_STANDARD = "gnu++17";
				CLANG_ENABLE_MODULES = YES;
				CLANG_ENABLE_OBJC_ARC = YES;
				CLANG_ENABLE_OBJC_WEAK = YES;
				CLANG_WARN_BLOCK_CAPTURE_AUTORELEASING = YES;
				CLANG_WARN_BOOL_CONVERSION = YES;
				CLANG_WARN_COMMA = YES;
				CLANG_WARN_CONSTANT_CONVERSION = YES;
				CLANG_WARN_DEPRECATED_OBJC_IMPLEMENTATIONS = YES;
				CLANG_WARN_DIRECT_OBJC_ISA_USAGE = YES_ERROR;
				CLANG_WARN_DOCUMENTATION_COMMENTS = YES;
				CLANG_WARN_EMPTY_BODY = YES;
				CLANG_WARN_ENUM_CONVERSION = YES;
				CLANG_WARN_INFINITE_RECURSION = YES;
				CLANG_WARN_INT_CONVERSION = YES;
				CLANG_WARN_NON_LITERAL_NULL_CONVERSION = YES;
				CLANG_WARN_OBJC_IMPLICIT_RETAIN_SELF = YES;
				CLANG_WARN_OBJC_LITERAL_CONVERSION = YES;
				CLANG_WARN_OBJC_ROOT_CLASS = YES_ERROR;
				CLANG_WARN_QUOTED_INCLUDE_IN_FRAMEWORK_HEADER = YES;
				CLANG_WARN_RANGE_LOOP_ANALYSIS = YES;
				CLANG_WARN_STRICT_PROTOTYPES = YES;
				CLANG_WARN_SUSPICIOUS_MOVE = YES;
				CLANG_WARN_UNGUARDED_AVAILABILITY = YES_AGGRESSIVE;
				CLANG_WARN_UNREACHABLE_CODE = YES;
				CLANG_WARN__DUPLICATE_METHOD_MATCH = YES;
				COPY_PHASE_STRIP = NO;
				DEBUG_INFORMATION_FORMAT = dwarf;
				ENABLE_STRICT_OBJC_MSGSEND = YES;
				ENABLE_TESTABILITY = YES;
				GCC_C_LANGUAGE_STANDARD = gnu11;
				GCC_DYNAMIC_NO_PIC = NO;
				GCC_NO_COMMON_BLOCKS = YES;
				GCC_OPTIMIZATION_LEVEL = 0;
				GCC_PREPROCESSOR_DEFINITIONS = (
					"DEBUG=1",
					"$(inherited)",
				);
				GCC_WARN_64_TO_32_BIT_CONVERSION = YES;
				GCC_WARN_ABOUT_RETURN_TYPE = YES_ERROR;
				GCC_WARN_UNDECLARED_SELECTOR = YES;
				GCC_WARN_UNINITIALIZED_AUTOS = YES_AGGRESSIVE;
				GCC_WARN_UNUSED_FUNCTION = YES;
				GCC_WARN_UNUSED_VARIABLE = YES;
				IPHONEOS_DEPLOYMENT_TARGET = 15.5;
				MTL_ENABLE_DEBUG_INFO = INCLUDE_SOURCE;
				MTL_FAST_MATH = YES;
				ONLY_ACTIVE_ARCH = YES;
				SDKROOT = iphoneos;
				SWIFT_ACTIVE_COMPILATION_CONDITIONS = DEBUG;
				SWIFT_OPTIMIZATION_LEVEL = "-Onone";
			};
			name = Debug;
		};
		1D53F8752885AD3800B5F7AF /* Release */ = {
			isa = XCBuildConfiguration;
			buildSettings = {
				ALWAYS_SEARCH_USER_PATHS = NO;
				CLANG_ANALYZER_NONNULL = YES;
				CLANG_ANALYZER_NUMBER_OBJECT_CONVERSION = YES_AGGRESSIVE;
				CLANG_CXX_LANGUAGE_STANDARD = "gnu++17";
				CLANG_ENABLE_MODULES = YES;
				CLANG_ENABLE_OBJC_ARC = YES;
				CLANG_ENABLE_OBJC_WEAK = YES;
				CLANG_WARN_BLOCK_CAPTURE_AUTORELEASING = YES;
				CLANG_WARN_BOOL_CONVERSION = YES;
				CLANG_WARN_COMMA = YES;
				CLANG_WARN_CONSTANT_CONVERSION = YES;
				CLANG_WARN_DEPRECATED_OBJC_IMPLEMENTATIONS = YES;
				CLANG_WARN_DIRECT_OBJC_ISA_USAGE = YES_ERROR;
				CLANG_WARN_DOCUMENTATION_COMMENTS = YES;
				CLANG_WARN_EMPTY_BODY = YES;
				CLANG_WARN_ENUM_CONVERSION = YES;
				CLANG_WARN_INFINITE_RECURSION = YES;
				CLANG_WARN_INT_CONVERSION = YES;
				CLANG_WARN_NON_LITERAL_NULL_CONVERSION = YES;
				CLANG_WARN_OBJC_IMPLICIT_RETAIN_SELF = YES;
				CLANG_WARN_OBJC_LITERAL_CONVERSION = YES;
				CLANG_WARN_OBJC_ROOT_CLASS = YES_ERROR;
				CLANG_WARN_QUOTED_INCLUDE_IN_FRAMEWORK_HEADER = YES;
				CLANG_WARN_RANGE_LOOP_ANALYSIS = YES;
				CLANG_WARN_STRICT_PROTOTYPES = YES;
				CLANG_WARN_SUSPICIOUS_MOVE = YES;
				CLANG_WARN_UNGUARDED_AVAILABILITY = YES_AGGRESSIVE;
				CLANG_WARN_UNREACHABLE_CODE = YES;
				CLANG_WARN__DUPLICATE_METHOD_MATCH = YES;
				COPY_PHASE_STRIP = NO;
				DEBUG_INFORMATION_FORMAT = "dwarf-with-dsym";
				ENABLE_NS_ASSERTIONS = NO;
				ENABLE_STRICT_OBJC_MSGSEND = YES;
				GCC_C_LANGUAGE_STANDARD = gnu11;
				GCC_NO_COMMON_BLOCKS = YES;
				GCC_WARN_64_TO_32_BIT_CONVERSION = YES;
				GCC_WARN_ABOUT_RETURN_TYPE = YES_ERROR;
				GCC_WARN_UNDECLARED_SELECTOR = YES;
				GCC_WARN_UNINITIALIZED_AUTOS = YES_AGGRESSIVE;
				GCC_WARN_UNUSED_FUNCTION = YES;
				GCC_WARN_UNUSED_VARIABLE = YES;
				IPHONEOS_DEPLOYMENT_TARGET = 15.5;
				MTL_ENABLE_DEBUG_INFO = NO;
				MTL_FAST_MATH = YES;
				SDKROOT = iphoneos;
				SWIFT_COMPILATION_MODE = wholemodule;
				SWIFT_OPTIMIZATION_LEVEL = "-O";
				VALIDATE_PRODUCT = YES;
			};
			name = Release;
		};
		1D53F8772885AD3800B5F7AF /* Debug */ = {
			isa = XCBuildConfiguration;
			buildSettings = {
				ASSETCATALOG_COMPILER_APPICON_NAME = AppIcon;
				ASSETCATALOG_COMPILER_GLOBAL_ACCENT_COLOR_NAME = AccentColor;
				CODE_SIGN_STYLE = Automatic;
				CURRENT_PROJECT_VERSION = 1;
				DEVELOPMENT_TEAM = 68P43GJY4U;
				GENERATE_INFOPLIST_FILE = YES;
				INFOPLIST_FILE = "Code-Cocoaheads/Resources/Info.plist";
				INFOPLIST_KEY_UIApplicationSupportsIndirectInputEvents = YES;
				INFOPLIST_KEY_UILaunchStoryboardName = LaunchScreen;
				INFOPLIST_KEY_UISupportedInterfaceOrientations_iPad = "UIInterfaceOrientationPortrait UIInterfaceOrientationPortraitUpsideDown UIInterfaceOrientationLandscapeLeft UIInterfaceOrientationLandscapeRight";
				INFOPLIST_KEY_UISupportedInterfaceOrientations_iPhone = "UIInterfaceOrientationPortrait UIInterfaceOrientationLandscapeLeft UIInterfaceOrientationLandscapeRight";
				LD_RUNPATH_SEARCH_PATHS = (
					"$(inherited)",
					"@executable_path/Frameworks",
				);
				MARKETING_VERSION = 1.0;
				PRODUCT_BUNDLE_IDENTIFIER = "br.com.mfelipesp.Code-Cocoaheads";
				PRODUCT_NAME = "$(TARGET_NAME)";
				SWIFT_EMIT_LOC_STRINGS = YES;
				SWIFT_VERSION = 5.0;
				TARGETED_DEVICE_FAMILY = "1,2";
			};
			name = Debug;
		};
		1D53F8782885AD3800B5F7AF /* Release */ = {
			isa = XCBuildConfiguration;
			buildSettings = {
				ASSETCATALOG_COMPILER_APPICON_NAME = AppIcon;
				ASSETCATALOG_COMPILER_GLOBAL_ACCENT_COLOR_NAME = AccentColor;
				CODE_SIGN_STYLE = Automatic;
				CURRENT_PROJECT_VERSION = 1;
				DEVELOPMENT_TEAM = 68P43GJY4U;
				GENERATE_INFOPLIST_FILE = YES;
				INFOPLIST_FILE = "Code-Cocoaheads/Resources/Info.plist";
				INFOPLIST_KEY_UIApplicationSupportsIndirectInputEvents = YES;
				INFOPLIST_KEY_UILaunchStoryboardName = LaunchScreen;
				INFOPLIST_KEY_UISupportedInterfaceOrientations_iPad = "UIInterfaceOrientationPortrait UIInterfaceOrientationPortraitUpsideDown UIInterfaceOrientationLandscapeLeft UIInterfaceOrientationLandscapeRight";
				INFOPLIST_KEY_UISupportedInterfaceOrientations_iPhone = "UIInterfaceOrientationPortrait UIInterfaceOrientationLandscapeLeft UIInterfaceOrientationLandscapeRight";
				LD_RUNPATH_SEARCH_PATHS = (
					"$(inherited)",
					"@executable_path/Frameworks",
				);
				MARKETING_VERSION = 1.0;
				PRODUCT_BUNDLE_IDENTIFIER = "br.com.mfelipesp.Code-Cocoaheads";
				PRODUCT_NAME = "$(TARGET_NAME)";
				SWIFT_EMIT_LOC_STRINGS = YES;
				SWIFT_VERSION = 5.0;
				TARGETED_DEVICE_FAMILY = "1,2";
			};
			name = Release;
		};
/* End XCBuildConfiguration section */

/* Begin XCConfigurationList section */
		1D53F85D2885AD3600B5F7AF /* Build configuration list for PBXProject "Code-Cocoaheads" */ = {
			isa = XCConfigurationList;
			buildConfigurations = (
				1D53F8742885AD3800B5F7AF /* Debug */,
				1D53F8752885AD3800B5F7AF /* Release */,
			);
			defaultConfigurationIsVisible = 0;
			defaultConfigurationName = Release;
		};
		1D53F8762885AD3800B5F7AF /* Build configuration list for PBXNativeTarget "Code-Cocoaheads" */ = {
			isa = XCConfigurationList;
			buildConfigurations = (
				1D53F8772885AD3800B5F7AF /* Debug */,
				1D53F8782885AD3800B5F7AF /* Release */,
			);
			defaultConfigurationIsVisible = 0;
			defaultConfigurationName = Release;
		};
/* End XCConfigurationList section */
	};
	rootObject = 1D53F85A2885AD3600B5F7AF /* Project object */;
}
